
Microsoft Visual Studio Solution File, Format Version 12.00
# Visual Studio 2013
VisualStudioVersion = 12.0.21005.1
MinimumVisualStudioVersion = 10.0.40219.1
Project("{FAE04EC0-301F-11D3-BF4B-00C04F79EFBC}") = "Podometris", "Podometris\Podometris.csproj", "{46E0E352-4F52-4FBB-A0A1-11AB6D86FABC}"
EndProject
Global
	GlobalSection(SolutionConfigurationPlatforms) = preSolution
		Debug|Any CPU = Debug|Any CPU
		Debug|ARM = Debug|ARM
		Debug|x86 = Debug|x86
		Release|Any CPU = Release|Any CPU
		Release|ARM = Release|ARM
		Release|x86 = Release|x86
	EndGlobalSection
	GlobalSection(ProjectConfigurationPlatforms) = postSolution
		{46E0E352-4F52-4FBB-A0A1-11AB6D86FABC}.Debug|Any CPU.ActiveCfg = Debug|Any CPU
		{46E0E352-4F52-4FBB-A0A1-11AB6D86FABC}.Debug|Any CPU.Build.0 = Debug|Any CPU
		{46E0E352-4F52-4FBB-A0A1-11AB6D86FABC}.Debug|Any CPU.Deploy.0 = Debug|Any CPU
		{46E0E352-4F52-4FBB-A0A1-11AB6D86FABC}.Debug|ARM.ActiveCfg = Debug|ARM
		{46E0E352-4F52-4FBB-A0A1-11AB6D86FABC}.Debug|ARM.Build.0 = Debug|ARM
		{46E0E352-4F52-4FBB-A0A1-11AB6D86FABC}.Debug|ARM.Deploy.0 = Debug|ARM
		{46E0E352-4F52-4FBB-A0A1-11AB6D86FABC}.Debug|x86.ActiveCfg = Debug|x86
		{46E0E352-4F52-4FBB-A0A1-11AB6D86FABC}.Debug|x86.Build.0 = Debug|x86
		{46E0E352-4F52-4FBB-A0A1-11AB6D86FABC}.Debug|x86.Deploy.0 = Debug|x86
		{46E0E352-4F52-4FBB-A0A1-11AB6D86FABC}.Release|Any CPU.ActiveCfg = Release|Any CPU
		{46E0E352-4F52-4FBB-A0A1-11AB6D86FABC}.Release|Any CPU.Build.0 = Release|Any CPU
		{46E0E352-4F52-4FBB-A0A1-11AB6D86FABC}.Release|Any CPU.Deploy.0 = Release|Any CPU
		{46E0E352-4F52-4FBB-A0A1-11AB6D86FABC}.Release|ARM.ActiveCfg = Release|ARM
		{46E0E352-4F52-4FBB-A0A1-11AB6D86FABC}.Release|ARM.Build.0 = Release|ARM
		{46E0E352-4F52-4FBB-A0A1-11AB6D86FABC}.Release|ARM.Deploy.0 = Release|ARM
		{46E0E352-4F52-4FBB-A0A1-11AB6D86FABC}.Release|x86.ActiveCfg = Release|x86
		{46E0E352-4F52-4FBB-A0A1-11AB6D86FABC}.Release|x86.Build.0 = Release|x86
		{46E0E352-4F52-4FBB-A0A1-11AB6D86FABC}.Release|x86.Deploy.0 = Release|x86
	EndGlobalSection
	GlobalSection(SolutionProperties) = preSolution
		HideSolutionNode = FALSE
	EndGlobalSection
EndGlobal
